
Microsoft Visual Studio Solution File, Format Version 12.00
Project("{FAE04EC0-301F-11D3-BF4B-00C04F79EFBC}") = "Ft.Common", "Ft.Common\Ft.Common.csproj", "{6CBA0147-0B2F-47CA-B49B-54918BB50FCC}"
EndProject
Global
	GlobalSection(SolutionConfigurationPlatforms) = preSolution
		Debug|Any CPU = Debug|Any CPU
		Release|Any CPU = Release|Any CPU
	EndGlobalSection
	GlobalSection(ProjectConfigurationPlatforms) = postSolution
		{6CBA0147-0B2F-47CA-B49B-54918BB50FCC}.Debug|Any CPU.ActiveCfg = Debug|Any CPU
		{6CBA0147-0B2F-47CA-B49B-54918BB50FCC}.Debug|Any CPU.Build.0 = Debug|Any CPU
		{6CBA0147-0B2F-47CA-B49B-54918BB50FCC}.Release|Any CPU.ActiveCfg = Release|Any CPU
		{6CBA0147-0B2F-47CA-B49B-54918BB50FCC}.Release|Any CPU.Build.0 = Release|Any CPU
	EndGlobalSection
EndGlobal
